
Microsoft Visual Studio Solution File, Format Version 12.00
# Visual Studio Version 17
VisualStudioVersion = 17.0.31903.59
MinimumVisualStudioVersion = 10.0.40219.1
Project("{FAE04EC0-301F-11D3-BF4B-00C04F79EFBC}") = "Game2048.Core", "Game2048.Core\Game2048.Core.csproj", "{640BFF88-B7C0-4F33-9BF4-A3D5CD62E565}"
EndProject
Project("{FAE04EC0-301F-11D3-BF4B-00C04F79EFBC}") = "Game2048.Playground", "Game2048.Playground\Game2048.Playground.csproj", "{913B52B6-FAD3-452A-AA2A-F99AA50FA8E1}"
EndProject
Project("{FAE04EC0-301F-11D3-BF4B-00C04F79EFBC}") = "Game2048.Desktop", "Game2048.Desktop\Game2048.Desktop.csproj", "{62092FCF-C014-42AD-A5F7-E5351982ECF0}"
EndProject
Project("{FAE04EC0-301F-11D3-BF4B-00C04F79EFBC}") = "Game2048.Tests", "Game2048.Tests\Game2048.Tests.csproj", "{2A453A00-D084-4C9D-AA93-AABEDEC36D24}"
EndProject
Global
	GlobalSection(SolutionConfigurationPlatforms) = preSolution
		Debug|Any CPU = Debug|Any CPU
		Release|Any CPU = Release|Any CPU
	EndGlobalSection
	GlobalSection(SolutionProperties) = preSolution
		HideSolutionNode = FALSE
	EndGlobalSection
	GlobalSection(ProjectConfigurationPlatforms) = postSolution
		{640BFF88-B7C0-4F33-9BF4-A3D5CD62E565}.Debug|Any CPU.ActiveCfg = Debug|Any CPU
		{640BFF88-B7C0-4F33-9BF4-A3D5CD62E565}.Debug|Any CPU.Build.0 = Debug|Any CPU
		{640BFF88-B7C0-4F33-9BF4-A3D5CD62E565}.Release|Any CPU.ActiveCfg = Release|Any CPU
		{640BFF88-B7C0-4F33-9BF4-A3D5CD62E565}.Release|Any CPU.Build.0 = Release|Any CPU
		{913B52B6-FAD3-452A-AA2A-F99AA50FA8E1}.Debug|Any CPU.ActiveCfg = Debug|Any CPU
		{913B52B6-FAD3-452A-AA2A-F99AA50FA8E1}.Debug|Any CPU.Build.0 = Debug|Any CPU
		{913B52B6-FAD3-452A-AA2A-F99AA50FA8E1}.Release|Any CPU.ActiveCfg = Release|Any CPU
		{913B52B6-FAD3-452A-AA2A-F99AA50FA8E1}.Release|Any CPU.Build.0 = Release|Any CPU
		{62092FCF-C014-42AD-A5F7-E5351982ECF0}.Debug|Any CPU.ActiveCfg = Debug|Any CPU
		{62092FCF-C014-42AD-A5F7-E5351982ECF0}.Debug|Any CPU.Build.0 = Debug|Any CPU
		{62092FCF-C014-42AD-A5F7-E5351982ECF0}.Release|Any CPU.ActiveCfg = Release|Any CPU
		{62092FCF-C014-42AD-A5F7-E5351982ECF0}.Release|Any CPU.Build.0 = Release|Any CPU
		{2A453A00-D084-4C9D-AA93-AABEDEC36D24}.Debug|Any CPU.ActiveCfg = Debug|Any CPU
		{2A453A00-D084-4C9D-AA93-AABEDEC36D24}.Debug|Any CPU.Build.0 = Debug|Any CPU
		{2A453A00-D084-4C9D-AA93-AABEDEC36D24}.Release|Any CPU.ActiveCfg = Release|Any CPU
		{2A453A00-D084-4C9D-AA93-AABEDEC36D24}.Release|Any CPU.Build.0 = Release|Any CPU
	EndGlobalSection
EndGlobal
