
Microsoft Visual Studio Solution File, Format Version 12.00
# Visual Studio Version 17
VisualStudioVersion = 17.0.31903.59
MinimumVisualStudioVersion = 10.0.40219.1
Project("{FAE04EC0-301F-11D3-BF4B-00C04F79EFBC}") = "Game2048.Desktop", "Game2048.Desktop\Game2048.Desktop.csproj", "{C27756C1-B5B7-493C-AE56-406A277AA668}"
EndProject
Project("{FAE04EC0-301F-11D3-BF4B-00C04F79EFBC}") = "Game2048.Core", "Game2048.Core\Game2048.Core.csproj", "{58CEFDBF-FA98-423A-A474-74C3E9B7DAA4}"
EndProject
Global
	GlobalSection(SolutionConfigurationPlatforms) = preSolution
		Debug|Any CPU = Debug|Any CPU
		Release|Any CPU = Release|Any CPU
	EndGlobalSection
	GlobalSection(SolutionProperties) = preSolution
		HideSolutionNode = FALSE
	EndGlobalSection
	GlobalSection(ProjectConfigurationPlatforms) = postSolution
		{C27756C1-B5B7-493C-AE56-406A277AA668}.Debug|Any CPU.ActiveCfg = Debug|Any CPU
		{C27756C1-B5B7-493C-AE56-406A277AA668}.Debug|Any CPU.Build.0 = Debug|Any CPU
		{C27756C1-B5B7-493C-AE56-406A277AA668}.Release|Any CPU.ActiveCfg = Release|Any CPU
		{C27756C1-B5B7-493C-AE56-406A277AA668}.Release|Any CPU.Build.0 = Release|Any CPU
		{58CEFDBF-FA98-423A-A474-74C3E9B7DAA4}.Debug|Any CPU.ActiveCfg = Debug|Any CPU
		{58CEFDBF-FA98-423A-A474-74C3E9B7DAA4}.Debug|Any CPU.Build.0 = Debug|Any CPU
		{58CEFDBF-FA98-423A-A474-74C3E9B7DAA4}.Release|Any CPU.ActiveCfg = Release|Any CPU
		{58CEFDBF-FA98-423A-A474-74C3E9B7DAA4}.Release|Any CPU.Build.0 = Release|Any CPU
	EndGlobalSection
EndGlobal
